
Microsoft Visual Studio Solution File, Format Version 12.00
# Visual Studio Version 17
VisualStudioVersion = 17.13.35617.110
MinimumVisualStudioVersion = 10.0.40219.1
Project("{FAE04EC0-301F-11D3-BF4B-00C04F79EFBC}") = "Demo.DbValuesChangeMonitoring.AppHost", "Demo.DbValuesChangeMonitoring.AppHost\Demo.DbValuesChangeMonitoring.AppHost.csproj", "{DE5776A9-DF25-485A-A906-7CB449074CFA}"
EndProject
Project("{FAE04EC0-301F-11D3-BF4B-00C04F79EFBC}") = "Demo.DbValuesChangeMonitoring.ServiceDefaults", "Demo.DbValuesChangeMonitoring.ServiceDefaults\Demo.DbValuesChangeMonitoring.ServiceDefaults.csproj", "{7C6619C3-75E0-1607-8341-43D91A373178}"
EndProject
Project("{FAE04EC0-301F-11D3-BF4B-00C04F79EFBC}") = "Demo.DbValuesChangeMonitoring.Data", "Demo.DbValuesChangeMonitoring.Data\Demo.DbValuesChangeMonitoring.Data.csproj", "{D3291B4E-5F39-43A9-AFC9-81A6809F5881}"
EndProject
Project("{FAE04EC0-301F-11D3-BF4B-00C04F79EFBC}") = "Demo.DbValuesChangeMonitoring.MigrationService", "Demo.DbValuesChangeMonitoring.MigrationService\Demo.DbValuesChangeMonitoring.MigrationService.csproj", "{A6A3A201-92CD-4B51-A8BB-F0C6AB1C01DB}"
EndProject
Project("{FAE04EC0-301F-11D3-BF4B-00C04F79EFBC}") = "Demo.DbValuesChangeMonitoring.NotificationService", "Demo.DbValuesChangeMonitoring.NotificationService\Demo.DbValuesChangeMonitoring.NotificationService.csproj", "{481B41A4-FEDF-435E-B1DB-BDC682EEBE10}"
EndProject
Project("{FAE04EC0-301F-11D3-BF4B-00C04F79EFBC}") = "Demo.DbValuesChangeMonitoring.UI", "Demo.DbValuesChangeMonitoring.UI\Demo.DbValuesChangeMonitoring.UI.csproj", "{A872C62C-D562-876C-FA2F-10180B5E5AD5}"
EndProject
Project("{FAE04EC0-301F-11D3-BF4B-00C04F79EFBC}") = "Demo.DbValuesChangeMonitoring.DatabaseOptionsProvider", "Demo.DbValuesChangeMonitoring.DatabaseOptionsProvider\Demo.DbValuesChangeMonitoring.DatabaseOptionsProvider.csproj", "{9FDA7F9E-23A6-4410-A77C-8993AC6EAFFE}"
EndProject
Project("{2150E333-8FDC-42A3-9474-1A3956D46DE8}") = "Solution Items", "Solution Items", "{8EC462FD-D22E-90A8-E5CE-7E832BA40C5D}"
	ProjectSection(SolutionItems) = preProject
		readme.md = readme.md
	EndProjectSection
EndProject
Global
	GlobalSection(SolutionConfigurationPlatforms) = preSolution
		Debug|Any CPU = Debug|Any CPU
		Release|Any CPU = Release|Any CPU
	EndGlobalSection
	GlobalSection(ProjectConfigurationPlatforms) = postSolution
		{DE5776A9-DF25-485A-A906-7CB449074CFA}.Debug|Any CPU.ActiveCfg = Debug|Any CPU
		{DE5776A9-DF25-485A-A906-7CB449074CFA}.Debug|Any CPU.Build.0 = Debug|Any CPU
		{DE5776A9-DF25-485A-A906-7CB449074CFA}.Release|Any CPU.ActiveCfg = Release|Any CPU
		{DE5776A9-DF25-485A-A906-7CB449074CFA}.Release|Any CPU.Build.0 = Release|Any CPU
		{7C6619C3-75E0-1607-8341-43D91A373178}.Debug|Any CPU.ActiveCfg = Debug|Any CPU
		{7C6619C3-75E0-1607-8341-43D91A373178}.Debug|Any CPU.Build.0 = Debug|Any CPU
		{7C6619C3-75E0-1607-8341-43D91A373178}.Release|Any CPU.ActiveCfg = Release|Any CPU
		{7C6619C3-75E0-1607-8341-43D91A373178}.Release|Any CPU.Build.0 = Release|Any CPU
		{D3291B4E-5F39-43A9-AFC9-81A6809F5881}.Debug|Any CPU.ActiveCfg = Debug|Any CPU
		{D3291B4E-5F39-43A9-AFC9-81A6809F5881}.Debug|Any CPU.Build.0 = Debug|Any CPU
		{D3291B4E-5F39-43A9-AFC9-81A6809F5881}.Release|Any CPU.ActiveCfg = Release|Any CPU
		{D3291B4E-5F39-43A9-AFC9-81A6809F5881}.Release|Any CPU.Build.0 = Release|Any CPU
		{A6A3A201-92CD-4B51-A8BB-F0C6AB1C01DB}.Debug|Any CPU.ActiveCfg = Debug|Any CPU
		{A6A3A201-92CD-4B51-A8BB-F0C6AB1C01DB}.Debug|Any CPU.Build.0 = Debug|Any CPU
		{A6A3A201-92CD-4B51-A8BB-F0C6AB1C01DB}.Release|Any CPU.ActiveCfg = Release|Any CPU
		{A6A3A201-92CD-4B51-A8BB-F0C6AB1C01DB}.Release|Any CPU.Build.0 = Release|Any CPU
		{481B41A4-FEDF-435E-B1DB-BDC682EEBE10}.Debug|Any CPU.ActiveCfg = Debug|Any CPU
		{481B41A4-FEDF-435E-B1DB-BDC682EEBE10}.Debug|Any CPU.Build.0 = Debug|Any CPU
		{481B41A4-FEDF-435E-B1DB-BDC682EEBE10}.Release|Any CPU.ActiveCfg = Release|Any CPU
		{481B41A4-FEDF-435E-B1DB-BDC682EEBE10}.Release|Any CPU.Build.0 = Release|Any CPU
		{A872C62C-D562-876C-FA2F-10180B5E5AD5}.Debug|Any CPU.ActiveCfg = Debug|Any CPU
		{A872C62C-D562-876C-FA2F-10180B5E5AD5}.Debug|Any CPU.Build.0 = Debug|Any CPU
		{A872C62C-D562-876C-FA2F-10180B5E5AD5}.Release|Any CPU.ActiveCfg = Release|Any CPU
		{A872C62C-D562-876C-FA2F-10180B5E5AD5}.Release|Any CPU.Build.0 = Release|Any CPU
		{9FDA7F9E-23A6-4410-A77C-8993AC6EAFFE}.Debug|Any CPU.ActiveCfg = Debug|Any CPU
		{9FDA7F9E-23A6-4410-A77C-8993AC6EAFFE}.Debug|Any CPU.Build.0 = Debug|Any CPU
		{9FDA7F9E-23A6-4410-A77C-8993AC6EAFFE}.Release|Any CPU.ActiveCfg = Release|Any CPU
		{9FDA7F9E-23A6-4410-A77C-8993AC6EAFFE}.Release|Any CPU.Build.0 = Release|Any CPU
	EndGlobalSection
	GlobalSection(SolutionProperties) = preSolution
		HideSolutionNode = FALSE
	EndGlobalSection
	GlobalSection(ExtensibilityGlobals) = postSolution
		SolutionGuid = {D328A79F-F709-42AC-9707-54036F3DA6E5}
	EndGlobalSection
EndGlobal
