Microsoft Visual Studio Solution File, Format Version 12.00
# Visual Studio Version 17
VisualStudioVersion = 17.13.35617.110 d17.13
MinimumVisualStudioVersion = 10.0.40219.1
Project("{FAE04EC0-301F-11D3-BF4B-00C04F79EFBC}") = "Demo.DbValuesChangeMonitoring.AppHost", "Demo.DbValuesChangeMonitoring.AppHost\Demo.DbValuesChangeMonitoring.AppHost.csproj", "{DE5776A9-DF25-485A-A906-7CB449074CFA}"
EndProject
Project("{FAE04EC0-301F-11D3-BF4B-00C04F79EFBC}") = "Demo.DbValuesChangeMonitoring.ServiceDefaults", "Demo.DbValuesChangeMonitoring.ServiceDefaults\Demo.DbValuesChangeMonitoring.ServiceDefaults.csproj", "{7C6619C3-75E0-1607-8341-43D91A373178}"
EndProject
Global
	GlobalSection(SolutionConfigurationPlatforms) = preSolution
		Debug|Any CPU = Debug|Any CPU
		Release|Any CPU = Release|Any CPU
	EndGlobalSection
	GlobalSection(ProjectConfigurationPlatforms) = postSolution
		{DE5776A9-DF25-485A-A906-7CB449074CFA}.Debug|Any CPU.ActiveCfg = Debug|Any CPU
		{DE5776A9-DF25-485A-A906-7CB449074CFA}.Debug|Any CPU.Build.0 = Debug|Any CPU
		{DE5776A9-DF25-485A-A906-7CB449074CFA}.Release|Any CPU.ActiveCfg = Release|Any CPU
		{DE5776A9-DF25-485A-A906-7CB449074CFA}.Release|Any CPU.Build.0 = Release|Any CPU
		{7C6619C3-75E0-1607-8341-43D91A373178}.Debug|Any CPU.ActiveCfg = Debug|Any CPU
		{7C6619C3-75E0-1607-8341-43D91A373178}.Debug|Any CPU.Build.0 = Debug|Any CPU
		{7C6619C3-75E0-1607-8341-43D91A373178}.Release|Any CPU.ActiveCfg = Release|Any CPU
		{7C6619C3-75E0-1607-8341-43D91A373178}.Release|Any CPU.Build.0 = Release|Any CPU
	EndGlobalSection
	GlobalSection(SolutionProperties) = preSolution
		HideSolutionNode = FALSE
	EndGlobalSection
	GlobalSection(ExtensibilityGlobals) = postSolution
		SolutionGuid = {D328A79F-F709-42AC-9707-54036F3DA6E5}
	EndGlobalSection
EndGlobal
